
Microsoft Visual Studio Solution File, Format Version 12.00
# Visual Studio Version 17
VisualStudioVersion = 17.8.34330.188
MinimumVisualStudioVersion = 10.0.40219.1
Project("{2150E333-8FDC-42A3-9474-1A3956D46DE8}") = "Scripts", "Scripts", "{73C6AFFD-75AE-4883-8625-6492E7D6FD85}"
	ProjectSection(SolutionItems) = preProject
		services-up.ps1 = services-up.ps1
		services-up.sh = services-up.sh
	EndProjectSection
EndProject
Project("{2150E333-8FDC-42A3-9474-1A3956D46DE8}") = "Itens de Solução", "Itens de Solução", "{4A0ACB7D-7128-40D3-B868-2CC2A6308C2E}"
	ProjectSection(SolutionItems) = preProject
		.dockerignore = .dockerignore
		.gitignore = .gitignore
	EndProjectSection
EndProject
Project("{FAE04EC0-301F-11D3-BF4B-00C04F79EFBC}") = "NDB.Domain", "NDB.Domain\NDB.Domain.csproj", "{B789DE3E-9A7B-4D49-88EA-8C037EF4D1BD}"
EndProject
Global
	GlobalSection(SolutionConfigurationPlatforms) = preSolution
		Debug|Any CPU = Debug|Any CPU
		Release|Any CPU = Release|Any CPU
	EndGlobalSection
	GlobalSection(ProjectConfigurationPlatforms) = postSolution
		{B789DE3E-9A7B-4D49-88EA-8C037EF4D1BD}.Debug|Any CPU.ActiveCfg = Debug|Any CPU
		{B789DE3E-9A7B-4D49-88EA-8C037EF4D1BD}.Debug|Any CPU.Build.0 = Debug|Any CPU
		{B789DE3E-9A7B-4D49-88EA-8C037EF4D1BD}.Release|Any CPU.ActiveCfg = Release|Any CPU
		{B789DE3E-9A7B-4D49-88EA-8C037EF4D1BD}.Release|Any CPU.Build.0 = Release|Any CPU
	EndGlobalSection
	GlobalSection(SolutionProperties) = preSolution
		HideSolutionNode = FALSE
	EndGlobalSection
	GlobalSection(ExtensibilityGlobals) = postSolution
		SolutionGuid = {B992DD3E-5EBC-4AE9-A0A1-7487C1990970}
	EndGlobalSection
EndGlobal
